
Microsoft Visual Studio Solution File, Format Version 12.00
# Visual Studio Version 16
VisualStudioVersion = 16.0.29326.143
MinimumVisualStudioVersion = 10.0.40219.1
Project("{8BC9CEB8-8B4A-11D0-8D11-00A0C91BC942}") = "Programmer Planner", "Programmer Planner\Programmer Planner.vcxproj", "{EA592852-9A2B-4926-AFB0-08A84CFC96EC}"
EndProject
Global
	GlobalSection(SolutionConfigurationPlatforms) = preSolution
		Debug|x64 = Debug|x64
		Debug|x86 = Debug|x86
		Release|x64 = Release|x64
		Release|x86 = Release|x86
	EndGlobalSection
	GlobalSection(ProjectConfigurationPlatforms) = postSolution
		{EA592852-9A2B-4926-AFB0-08A84CFC96EC}.Debug|x64.ActiveCfg = Debug|x64
		{EA592852-9A2B-4926-AFB0-08A84CFC96EC}.Debug|x64.Build.0 = Debug|x64
		{EA592852-9A2B-4926-AFB0-08A84CFC96EC}.Debug|x86.ActiveCfg = Debug|Win32
		{EA592852-9A2B-4926-AFB0-08A84CFC96EC}.Debug|x86.Build.0 = Debug|Win32
		{EA592852-9A2B-4926-AFB0-08A84CFC96EC}.Release|x64.ActiveCfg = Release|x64
		{EA592852-9A2B-4926-AFB0-08A84CFC96EC}.Release|x64.Build.0 = Release|x64
		{EA592852-9A2B-4926-AFB0-08A84CFC96EC}.Release|x86.ActiveCfg = Release|Win32
		{EA592852-9A2B-4926-AFB0-08A84CFC96EC}.Release|x86.Build.0 = Release|Win32
	EndGlobalSection
	GlobalSection(SolutionProperties) = preSolution
		HideSolutionNode = FALSE
	EndGlobalSection
	GlobalSection(ExtensibilityGlobals) = postSolution
		SolutionGuid = {AC647C87-85FB-42BC-B857-2A77CF5A0CA4}
	EndGlobalSection
EndGlobal
