
Microsoft Visual Studio Solution File, Format Version 12.00
# Visual Studio Version 16
VisualStudioVersion = 16.0.31729.503
MinimumVisualStudioVersion = 10.0.40219.1
Project("{8BC9CEB8-8B4A-11D0-8D11-00A0C91BC942}") = "Showcase", "Showcase\Showcase.vcxproj", "{05F12E98-EBC6-475C-8671-3633EACD68A4}"
	ProjectSection(ProjectDependencies) = postProject
		{0055F7A3-7244-4527-B060-1FD941785499} = {0055F7A3-7244-4527-B060-1FD941785499}
	EndProjectSection
EndProject
Project("{8BC9CEB8-8B4A-11D0-8D11-00A0C91BC942}") = "Decoder", "Decoder\Decoder.vcxproj", "{0055F7A3-7244-4527-B060-1FD941785499}"
	ProjectSection(ProjectDependencies) = postProject
		{99266F26-6273-4118-9051-94D4279D5F79} = {99266F26-6273-4118-9051-94D4279D5F79}
	EndProjectSection
EndProject
Project("{8BC9CEB8-8B4A-11D0-8D11-00A0C91BC942}") = "Library_Tools", "Library_Tools\Library_Tools.vcxproj", "{99266F26-6273-4118-9051-94D4279D5F79}"
EndProject
Project("{2150E333-8FDC-42A3-9474-1A3956D46DE8}") = "conf-xml", "conf-xml", "{BC8751CF-9174-4F57-93DB-E521099733C5}"
	ProjectSection(SolutionItems) = preProject
		conf-xml\conf.xml = conf-xml\conf.xml
		conf-xml\VisualPro.xml = conf-xml\VisualPro.xml
	EndProjectSection
EndProject
Project("{8BC9CEB8-8B4A-11D0-8D11-00A0C91BC942}") = "List", "List\List.vcxproj", "{49F4BA35-3455-47FB-A3A4-9F52F42B0AE2}"
EndProject
Global
	GlobalSection(SolutionConfigurationPlatforms) = preSolution
		Debug|x64 = Debug|x64
		Debug|x86 = Debug|x86
		Release|x64 = Release|x64
		Release|x86 = Release|x86
	EndGlobalSection
	GlobalSection(ProjectConfigurationPlatforms) = postSolution
		{05F12E98-EBC6-475C-8671-3633EACD68A4}.Debug|x64.ActiveCfg = Debug|x64
		{05F12E98-EBC6-475C-8671-3633EACD68A4}.Debug|x64.Build.0 = Debug|x64
		{05F12E98-EBC6-475C-8671-3633EACD68A4}.Debug|x86.ActiveCfg = Debug|Win32
		{05F12E98-EBC6-475C-8671-3633EACD68A4}.Debug|x86.Build.0 = Debug|Win32
		{05F12E98-EBC6-475C-8671-3633EACD68A4}.Release|x64.ActiveCfg = Release|x64
		{05F12E98-EBC6-475C-8671-3633EACD68A4}.Release|x64.Build.0 = Release|x64
		{05F12E98-EBC6-475C-8671-3633EACD68A4}.Release|x86.ActiveCfg = Release|Win32
		{05F12E98-EBC6-475C-8671-3633EACD68A4}.Release|x86.Build.0 = Release|Win32
		{0055F7A3-7244-4527-B060-1FD941785499}.Debug|x64.ActiveCfg = Debug|x64
		{0055F7A3-7244-4527-B060-1FD941785499}.Debug|x64.Build.0 = Debug|x64
		{0055F7A3-7244-4527-B060-1FD941785499}.Debug|x86.ActiveCfg = Debug|Win32
		{0055F7A3-7244-4527-B060-1FD941785499}.Debug|x86.Build.0 = Debug|Win32
		{0055F7A3-7244-4527-B060-1FD941785499}.Release|x64.ActiveCfg = Release|x64
		{0055F7A3-7244-4527-B060-1FD941785499}.Release|x64.Build.0 = Release|x64
		{0055F7A3-7244-4527-B060-1FD941785499}.Release|x86.ActiveCfg = Release|Win32
		{0055F7A3-7244-4527-B060-1FD941785499}.Release|x86.Build.0 = Release|Win32
		{99266F26-6273-4118-9051-94D4279D5F79}.Debug|x64.ActiveCfg = Debug|x64
		{99266F26-6273-4118-9051-94D4279D5F79}.Debug|x64.Build.0 = Debug|x64
		{99266F26-6273-4118-9051-94D4279D5F79}.Debug|x86.ActiveCfg = Debug|Win32
		{99266F26-6273-4118-9051-94D4279D5F79}.Debug|x86.Build.0 = Debug|Win32
		{99266F26-6273-4118-9051-94D4279D5F79}.Release|x64.ActiveCfg = Release|x64
		{99266F26-6273-4118-9051-94D4279D5F79}.Release|x64.Build.0 = Release|x64
		{99266F26-6273-4118-9051-94D4279D5F79}.Release|x86.ActiveCfg = Release|Win32
		{99266F26-6273-4118-9051-94D4279D5F79}.Release|x86.Build.0 = Release|Win32
		{49F4BA35-3455-47FB-A3A4-9F52F42B0AE2}.Debug|x64.ActiveCfg = Debug|x64
		{49F4BA35-3455-47FB-A3A4-9F52F42B0AE2}.Debug|x64.Build.0 = Debug|x64
		{49F4BA35-3455-47FB-A3A4-9F52F42B0AE2}.Debug|x86.ActiveCfg = Debug|Win32
		{49F4BA35-3455-47FB-A3A4-9F52F42B0AE2}.Debug|x86.Build.0 = Debug|Win32
		{49F4BA35-3455-47FB-A3A4-9F52F42B0AE2}.Release|x64.ActiveCfg = Release|x64
		{49F4BA35-3455-47FB-A3A4-9F52F42B0AE2}.Release|x64.Build.0 = Release|x64
		{49F4BA35-3455-47FB-A3A4-9F52F42B0AE2}.Release|x86.ActiveCfg = Release|Win32
		{49F4BA35-3455-47FB-A3A4-9F52F42B0AE2}.Release|x86.Build.0 = Release|Win32
	EndGlobalSection
	GlobalSection(SolutionProperties) = preSolution
		HideSolutionNode = FALSE
	EndGlobalSection
	GlobalSection(ExtensibilityGlobals) = postSolution
		SolutionGuid = {260AD55E-DB59-423B-96E0-705332A6717C}
	EndGlobalSection
EndGlobal
